
Microsoft Visual Studio Solution File, Format Version 12.00
# Visual Studio Version 17
VisualStudioVersion = 17.14.37111.16
MinimumVisualStudioVersion = 10.0.40219.1
Project("{2150E333-8FDC-42A3-9474-1A3956D46DE8}") = "src", "src", "{827E0CD3-B72D-47B6-A68D-7590B98EB39B}"
EndProject
Project("{2150E333-8FDC-42A3-9474-1A3956D46DE8}") = "BuildingBlocks", "BuildingBlocks", "{90298CBA-BD6F-3A0A-69D5-97CAD7B05E7E}"
EndProject
Project("{FAE04EC0-301F-11D3-BF4B-00C04F79EFBC}") = "Shared.Contracts", "src\BuildingBlocks\Shared.Contracts\Shared.Contracts.csproj", "{AFA77B0E-383A-4D17-BBE4-EF88DBED1459}"
EndProject
Project("{FAE04EC0-301F-11D3-BF4B-00C04F79EFBC}") = "API.Gateway", "src\Gateways\API.Gateway\API.Gateway.csproj", "{CDD4DAE1-09CD-40D4-AC57-7D812CB5752F}"
EndProject
Project("{FAE04EC0-301F-11D3-BF4B-00C04F79EFBC}") = "Trip.API", "src\Services\Trip.Service\Trip.API\Trip.API.csproj", "{3580F514-85B6-49F9-A3F6-52EF3BD4F99D}"
EndProject
Project("{FAE04EC0-301F-11D3-BF4B-00C04F79EFBC}") = "Blazor.Client", "src\Web\Blazor.Client\Blazor.Client.csproj", "{41FBE4F0-210B-484D-86EC-D1219515BD51}"
EndProject
Project("{2150E333-8FDC-42A3-9474-1A3956D46DE8}") = "tests", "tests", "{02EA681E-C7D8-13C7-8484-4AC65E1B71E8}"
EndProject
Project("{2150E333-8FDC-42A3-9474-1A3956D46DE8}") = "Shared.Contracts", "Shared.Contracts", "{7F8C8151-8143-4E90-9826-3B74B5129E75}"
EndProject
Project("{2150E333-8FDC-42A3-9474-1A3956D46DE8}") = "Gateways", "Gateways", "{FD29EB75-2572-480D-A08B-DF401FEEB64C}"
EndProject
Project("{2150E333-8FDC-42A3-9474-1A3956D46DE8}") = "Services", "Services", "{7203E72C-DCCA-4554-B01F-86D0175EA171}"
EndProject
Project("{2150E333-8FDC-42A3-9474-1A3956D46DE8}") = "Trip.API", "Trip.API", "{60551650-8768-4F53-9361-69FDB9DC2322}"
	ProjectSection(SolutionItems) = preProject
		src\Services\Trip.Service\Trip.API\Dockerfile = src\Services\Trip.Service\Trip.API\Dockerfile
	EndProjectSection
EndProject
Project("{2150E333-8FDC-42A3-9474-1A3956D46DE8}") = "Trip.Application", "Trip.Application", "{EB28E8E4-6C41-4903-9D46-35FA0959B716}"
EndProject
Project("{2150E333-8FDC-42A3-9474-1A3956D46DE8}") = "Trip.Domain", "Trip.Domain", "{C9640635-4860-4A51-A6E2-A6BA02966B30}"
EndProject
Project("{2150E333-8FDC-42A3-9474-1A3956D46DE8}") = "Trip.Infrastructure", "Trip.Infrastructure", "{429A8217-FA89-41A2-8138-C59D878E8272}"
EndProject
Project("{2150E333-8FDC-42A3-9474-1A3956D46DE8}") = "Trip.Service", "Trip.Service", "{ED4FBE94-CFA3-4388-990F-F396CB366BB4}"
EndProject
Project("{2150E333-8FDC-42A3-9474-1A3956D46DE8}") = "Web", "Web", "{D2EEF483-52B4-4B5D-AAAD-215B5D882F1A}"
	ProjectSection(SolutionItems) = preProject
		src\Web\Blazor.Client\Dockerfile = src\Web\Blazor.Client\Dockerfile
	EndProjectSection
EndProject
Project("{2150E333-8FDC-42A3-9474-1A3956D46DE8}") = "Identity.Service", "Identity.Service", "{90896360-2FCE-4679-9555-25B34BE6F012}"
EndProject
Project("{2150E333-8FDC-42A3-9474-1A3956D46DE8}") = "Identity.API", "Identity.API", "{2FC6256B-8958-4D1F-BA2A-C4DEBD850029}"
EndProject
Project("{2150E333-8FDC-42A3-9474-1A3956D46DE8}") = "Identity.Infrastructure", "Identity.Infrastructure", "{00AD7367-8DC4-4B46-B712-90FB2DCFC39C}"
EndProject
Project("{FAE04EC0-301F-11D3-BF4B-00C04F79EFBC}") = "Identity.Infrastructure", "src\Services\Identity.Service\Identity.Infrastructure\Identity.Infrastructure.csproj", "{E3D22F73-CF07-EF99-C371-0A030155C679}"
EndProject
Project("{2150E333-8FDC-42A3-9474-1A3956D46DE8}") = "Notification.Infrastructure", "Notification.Infrastructure", "{57C939C8-ABDA-43FE-B896-02E457CFE0D0}"
EndProject
Project("{FAE04EC0-301F-11D3-BF4B-00C04F79EFBC}") = "Notification.Infrastructure", "src\Services\Notification.Service\Notification.Infrastructure\Notification.Infrastructure.csproj", "{8865B53F-DF1B-8A7A-9E6B-651CC43ACA7C}"
EndProject
Project("{FAE04EC0-301F-11D3-BF4B-00C04F79EFBC}") = "Identity.API", "src\Services\Identity.Service\Identity.API\Identity.API.csproj", "{5341B974-5A88-4456-A009-FE1BFAD740CA}"
EndProject
Project("{FAE04EC0-301F-11D3-BF4B-00C04F79EFBC}") = "Trip.Application", "src\Services\Trip.Service\Trip.Application\Trip.Application.csproj", "{6C252EF1-11DC-4109-AE1B-23E7555B1691}"
EndProject
Project("{FAE04EC0-301F-11D3-BF4B-00C04F79EFBC}") = "Trip.Domain", "src\Services\Trip.Service\Trip.Domain\Trip.Domain.csproj", "{78514BB5-C898-48A3-8BE9-14FA4424C182}"
EndProject
Project("{FAE04EC0-301F-11D3-BF4B-00C04F79EFBC}") = "Trip.Infrastructure", "src\Services\Trip.Service\Trip.Infrastructure\Trip.Infrastructure.csproj", "{BFA3050A-E444-4850-8C82-D988851017AB}"
EndProject
Project("{FAE04EC0-301F-11D3-BF4B-00C04F79EFBC}") = "Shared.Messaging", "src\BuildingBlocks\Shared.Messaging\Shared.Messaging.csproj", "{B46FAFAA-ADCB-F89B-D64F-8BFD39DFB2FA}"
EndProject
Project("{2150E333-8FDC-42A3-9474-1A3956D46DE8}") = "Shared.Messaging", "Shared.Messaging", "{2D741AE4-4FA7-4E38-9AC7-5CCAF2432B96}"
EndProject
Project("{2150E333-8FDC-42A3-9474-1A3956D46DE8}") = "Notification.Service", "Notification.Service", "{0BA52BBB-046A-4319-8EBC-DFD1F5302A30}"
EndProject
Project("{FAE04EC0-301F-11D3-BF4B-00C04F79EFBC}") = "Notification.API", "src\Services\Notification.Service\Notification.API\Notification.API.csproj", "{127F1A21-2454-86D0-9A49-650A2D20CB8E}"
EndProject
Project("{2150E333-8FDC-42A3-9474-1A3956D46DE8}") = "Notification.API", "Notification.API", "{48346828-419A-459C-824C-055B215D9A7A}"
	ProjectSection(SolutionItems) = preProject
		src\Services\Notification.Service\Notification.API\Dockerfile = src\Services\Notification.Service\Notification.API\Dockerfile
	EndProjectSection
EndProject
Project("{2150E333-8FDC-42A3-9474-1A3956D46DE8}") = "Booking.Service", "Booking.Service", "{C3FE8D53-A29E-4F17-883D-8D21440D403F}"
EndProject
Project("{FAE04EC0-301F-11D3-BF4B-00C04F79EFBC}") = "Booking.API", "src\Services\Booking.Service\Booking.API\Booking.API.csproj", "{649E4AB7-CBB2-EA4C-35AE-23A47456EBD6}"
EndProject
Project("{FAE04EC0-301F-11D3-BF4B-00C04F79EFBC}") = "Booking.Application", "src\Services\Booking.Service\Booking.Application\Booking.Application.csproj", "{F99A5049-B5FB-BE3B-D849-A6F9F24CC23D}"
EndProject
Project("{FAE04EC0-301F-11D3-BF4B-00C04F79EFBC}") = "Booking.Domain", "src\Services\Booking.Service\Booking.Domain\Booking.Domain.csproj", "{4CA344EB-16B7-9306-213E-31D195B919E8}"
EndProject
Project("{FAE04EC0-301F-11D3-BF4B-00C04F79EFBC}") = "Booking.Infrastructure", "src\Services\Booking.Service\Booking.Infrastructure\Booking.Infrastructure.csproj", "{6ADA18A0-0D13-E31A-F8D9-2E6B2F78EE21}"
EndProject
Project("{2150E333-8FDC-42A3-9474-1A3956D46DE8}") = "Booking.Infrastructure", "Booking.Infrastructure", "{3842768B-9AD5-43D5-8A61-FDF5A785B152}"
EndProject
Project("{2150E333-8FDC-42A3-9474-1A3956D46DE8}") = "Booking.Domain", "Booking.Domain", "{B4EEE9DA-43BC-43CC-BF05-ECA6D660E9FD}"
EndProject
Project("{2150E333-8FDC-42A3-9474-1A3956D46DE8}") = "Booking.API", "Booking.API", "{55BBED02-DFBC-4743-BC9B-97835D6FD30D}"
	ProjectSection(SolutionItems) = preProject
		src\Services\Booking.Service\Booking.API\Dockerfile = src\Services\Booking.Service\Booking.API\Dockerfile
	EndProjectSection
EndProject
Project("{2150E333-8FDC-42A3-9474-1A3956D46DE8}") = "Booking.Application", "Booking.Application", "{93966CBE-8892-42A5-ACE8-E09F7B7D6F7A}"
EndProject
Project("{2150E333-8FDC-42A3-9474-1A3956D46DE8}") = "Éléments de solution", "Éléments de solution", "{9C8CB701-102D-CF49-A3E0-89AC09D42C2C}"
	ProjectSection(SolutionItems) = preProject
		.dockerignore = .dockerignore
		.env = .env
		.env.example = .env.example
		.gitignore = .gitignore
		docs\Del_Ride\00 - Vision\Contexte.md = docs\Del_Ride\00 - Vision\Contexte.md
		docker-compose.override.yml = docker-compose.override.yml
		docker-compose.yml = docker-compose.yml
		README.md = README.md
	EndProjectSection
EndProject
Project("{2150E333-8FDC-42A3-9474-1A3956D46DE8}") = "API.Gateway", "API.Gateway", "{BAF5FD8B-7692-4261-9B34-2D6039077353}"
	ProjectSection(SolutionItems) = preProject
		src\Gateways\API.Gateway\Dockerfile = src\Gateways\API.Gateway\Dockerfile
	EndProjectSection
EndProject
Project("{2150E333-8FDC-42A3-9474-1A3956D46DE8}") = "Shared.Kernel", "Shared.Kernel", "{7C4AD1DC-5867-413C-88BC-E34DBAED5232}"
EndProject
Project("{FAE04EC0-301F-11D3-BF4B-00C04F79EFBC}") = "Shared.Kernel", "src\BuildingBlocks\Shared.Kernel\Shared.Kernel.csproj", "{EB7B8DC7-CE11-6699-2F6B-AC1E3629EC42}"
EndProject
Project("{2150E333-8FDC-42A3-9474-1A3956D46DE8}") = "Identity.Domain", "Identity.Domain", "{377EA6FD-2E8A-4D0B-BA8D-D217557B4881}"
EndProject
Project("{2150E333-8FDC-42A3-9474-1A3956D46DE8}") = "Identity.Application", "Identity.Application", "{AF66915A-868B-486F-9F8F-458A4AE8B7A9}"
EndProject
Project("{2150E333-8FDC-42A3-9474-1A3956D46DE8}") = "Solution Items", "Solution Items", "{715B0A7E-C471-46D5-8F33-E82E8A2086B7}"
	ProjectSection(SolutionItems) = preProject
		.editorconfig = .editorconfig
	EndProjectSection
EndProject
Project("{FAE04EC0-301F-11D3-BF4B-00C04F79EFBC}") = "Identity.Application", "src\Services\Identity.Service\Identity.Application\Identity.Application.csproj", "{C1CB8C25-8F95-08EF-5041-FA88D5D18A31}"
EndProject
Project("{FAE04EC0-301F-11D3-BF4B-00C04F79EFBC}") = "Identity.Domain", "src\Services\Identity.Service\Identity.Domain\Identity.Domain.csproj", "{B00F680C-50E5-AC4E-3A1D-47C63A135FC2}"
EndProject
Project("{2150E333-8FDC-42A3-9474-1A3956D46DE8}") = "Notification.Domain", "Notification.Domain", "{A90EBBBB-8C6E-46E3-B24C-8876A33DF166}"
EndProject
Project("{FAE04EC0-301F-11D3-BF4B-00C04F79EFBC}") = "Notification.Domain", "Notification.Domain\Notification.Domain.csproj", "{813D3079-F8E1-417D-A696-30694CBC28F5}"
EndProject
Project("{2150E333-8FDC-42A3-9474-1A3956D46DE8}") = "Notification.Application", "Notification.Application", "{836294D1-5EA7-4005-BCED-8E21AAC2FE25}"
EndProject
Project("{FAE04EC0-301F-11D3-BF4B-00C04F79EFBC}") = "Notification.Application", "Notification.Application\Notification.Application.csproj", "{DF1B6613-CAED-4E2F-84AF-3ACD96F8BAD2}"
EndProject
Global
	GlobalSection(SolutionConfigurationPlatforms) = preSolution
		Debug|Any CPU = Debug|Any CPU
		Debug|x64 = Debug|x64
		Debug|x86 = Debug|x86
		Release|Any CPU = Release|Any CPU
		Release|x64 = Release|x64
		Release|x86 = Release|x86
	EndGlobalSection
	GlobalSection(ProjectConfigurationPlatforms) = postSolution
		{AFA77B0E-383A-4D17-BBE4-EF88DBED1459}.Debug|Any CPU.ActiveCfg = Debug|Any CPU
		{AFA77B0E-383A-4D17-BBE4-EF88DBED1459}.Debug|Any CPU.Build.0 = Debug|Any CPU
		{AFA77B0E-383A-4D17-BBE4-EF88DBED1459}.Debug|x64.ActiveCfg = Debug|Any CPU
		{AFA77B0E-383A-4D17-BBE4-EF88DBED1459}.Debug|x64.Build.0 = Debug|Any CPU
		{AFA77B0E-383A-4D17-BBE4-EF88DBED1459}.Debug|x86.ActiveCfg = Debug|Any CPU
		{AFA77B0E-383A-4D17-BBE4-EF88DBED1459}.Debug|x86.Build.0 = Debug|Any CPU
		{AFA77B0E-383A-4D17-BBE4-EF88DBED1459}.Release|Any CPU.ActiveCfg = Release|Any CPU
		{AFA77B0E-383A-4D17-BBE4-EF88DBED1459}.Release|Any CPU.Build.0 = Release|Any CPU
		{AFA77B0E-383A-4D17-BBE4-EF88DBED1459}.Release|x64.ActiveCfg = Release|Any CPU
		{AFA77B0E-383A-4D17-BBE4-EF88DBED1459}.Release|x64.Build.0 = Release|Any CPU
		{AFA77B0E-383A-4D17-BBE4-EF88DBED1459}.Release|x86.ActiveCfg = Release|Any CPU
		{AFA77B0E-383A-4D17-BBE4-EF88DBED1459}.Release|x86.Build.0 = Release|Any CPU
		{CDD4DAE1-09CD-40D4-AC57-7D812CB5752F}.Debug|Any CPU.ActiveCfg = Debug|Any CPU
		{CDD4DAE1-09CD-40D4-AC57-7D812CB5752F}.Debug|Any CPU.Build.0 = Debug|Any CPU
		{CDD4DAE1-09CD-40D4-AC57-7D812CB5752F}.Debug|x64.ActiveCfg = Debug|Any CPU
		{CDD4DAE1-09CD-40D4-AC57-7D812CB5752F}.Debug|x64.Build.0 = Debug|Any CPU
		{CDD4DAE1-09CD-40D4-AC57-7D812CB5752F}.Debug|x86.ActiveCfg = Debug|Any CPU
		{CDD4DAE1-09CD-40D4-AC57-7D812CB5752F}.Debug|x86.Build.0 = Debug|Any CPU
		{CDD4DAE1-09CD-40D4-AC57-7D812CB5752F}.Release|Any CPU.ActiveCfg = Release|Any CPU
		{CDD4DAE1-09CD-40D4-AC57-7D812CB5752F}.Release|Any CPU.Build.0 = Release|Any CPU
		{CDD4DAE1-09CD-40D4-AC57-7D812CB5752F}.Release|x64.ActiveCfg = Release|Any CPU
		{CDD4DAE1-09CD-40D4-AC57-7D812CB5752F}.Release|x64.Build.0 = Release|Any CPU
		{CDD4DAE1-09CD-40D4-AC57-7D812CB5752F}.Release|x86.ActiveCfg = Release|Any CPU
		{CDD4DAE1-09CD-40D4-AC57-7D812CB5752F}.Release|x86.Build.0 = Release|Any CPU
		{3580F514-85B6-49F9-A3F6-52EF3BD4F99D}.Debug|Any CPU.ActiveCfg = Debug|Any CPU
		{3580F514-85B6-49F9-A3F6-52EF3BD4F99D}.Debug|Any CPU.Build.0 = Debug|Any CPU
		{3580F514-85B6-49F9-A3F6-52EF3BD4F99D}.Debug|x64.ActiveCfg = Debug|Any CPU
		{3580F514-85B6-49F9-A3F6-52EF3BD4F99D}.Debug|x64.Build.0 = Debug|Any CPU
		{3580F514-85B6-49F9-A3F6-52EF3BD4F99D}.Debug|x86.ActiveCfg = Debug|Any CPU
		{3580F514-85B6-49F9-A3F6-52EF3BD4F99D}.Debug|x86.Build.0 = Debug|Any CPU
		{3580F514-85B6-49F9-A3F6-52EF3BD4F99D}.Release|Any CPU.ActiveCfg = Release|Any CPU
		{3580F514-85B6-49F9-A3F6-52EF3BD4F99D}.Release|Any CPU.Build.0 = Release|Any CPU
		{3580F514-85B6-49F9-A3F6-52EF3BD4F99D}.Release|x64.ActiveCfg = Release|Any CPU
		{3580F514-85B6-49F9-A3F6-52EF3BD4F99D}.Release|x64.Build.0 = Release|Any CPU
		{3580F514-85B6-49F9-A3F6-52EF3BD4F99D}.Release|x86.ActiveCfg = Release|Any CPU
		{3580F514-85B6-49F9-A3F6-52EF3BD4F99D}.Release|x86.Build.0 = Release|Any CPU
		{41FBE4F0-210B-484D-86EC-D1219515BD51}.Debug|Any CPU.ActiveCfg = Debug|Any CPU
		{41FBE4F0-210B-484D-86EC-D1219515BD51}.Debug|Any CPU.Build.0 = Debug|Any CPU
		{41FBE4F0-210B-484D-86EC-D1219515BD51}.Debug|x64.ActiveCfg = Debug|Any CPU
		{41FBE4F0-210B-484D-86EC-D1219515BD51}.Debug|x64.Build.0 = Debug|Any CPU
		{41FBE4F0-210B-484D-86EC-D1219515BD51}.Debug|x86.ActiveCfg = Debug|Any CPU
		{41FBE4F0-210B-484D-86EC-D1219515BD51}.Debug|x86.Build.0 = Debug|Any CPU
		{41FBE4F0-210B-484D-86EC-D1219515BD51}.Release|Any CPU.ActiveCfg = Release|Any CPU
		{41FBE4F0-210B-484D-86EC-D1219515BD51}.Release|Any CPU.Build.0 = Release|Any CPU
		{41FBE4F0-210B-484D-86EC-D1219515BD51}.Release|x64.ActiveCfg = Release|Any CPU
		{41FBE4F0-210B-484D-86EC-D1219515BD51}.Release|x64.Build.0 = Release|Any CPU
		{41FBE4F0-210B-484D-86EC-D1219515BD51}.Release|x86.ActiveCfg = Release|Any CPU
		{41FBE4F0-210B-484D-86EC-D1219515BD51}.Release|x86.Build.0 = Release|Any CPU
		{E3D22F73-CF07-EF99-C371-0A030155C679}.Debug|Any CPU.ActiveCfg = Debug|Any CPU
		{E3D22F73-CF07-EF99-C371-0A030155C679}.Debug|Any CPU.Build.0 = Debug|Any CPU
		{E3D22F73-CF07-EF99-C371-0A030155C679}.Debug|x64.ActiveCfg = Debug|Any CPU
		{E3D22F73-CF07-EF99-C371-0A030155C679}.Debug|x64.Build.0 = Debug|Any CPU
		{E3D22F73-CF07-EF99-C371-0A030155C679}.Debug|x86.ActiveCfg = Debug|Any CPU
		{E3D22F73-CF07-EF99-C371-0A030155C679}.Debug|x86.Build.0 = Debug|Any CPU
		{E3D22F73-CF07-EF99-C371-0A030155C679}.Release|Any CPU.ActiveCfg = Release|Any CPU
		{E3D22F73-CF07-EF99-C371-0A030155C679}.Release|Any CPU.Build.0 = Release|Any CPU
		{E3D22F73-CF07-EF99-C371-0A030155C679}.Release|x64.ActiveCfg = Release|Any CPU
		{E3D22F73-CF07-EF99-C371-0A030155C679}.Release|x64.Build.0 = Release|Any CPU
		{E3D22F73-CF07-EF99-C371-0A030155C679}.Release|x86.ActiveCfg = Release|Any CPU
		{E3D22F73-CF07-EF99-C371-0A030155C679}.Release|x86.Build.0 = Release|Any CPU
		{8865B53F-DF1B-8A7A-9E6B-651CC43ACA7C}.Debug|Any CPU.ActiveCfg = Debug|Any CPU
		{8865B53F-DF1B-8A7A-9E6B-651CC43ACA7C}.Debug|Any CPU.Build.0 = Debug|Any CPU
		{8865B53F-DF1B-8A7A-9E6B-651CC43ACA7C}.Debug|x64.ActiveCfg = Debug|Any CPU
		{8865B53F-DF1B-8A7A-9E6B-651CC43ACA7C}.Debug|x64.Build.0 = Debug|Any CPU
		{8865B53F-DF1B-8A7A-9E6B-651CC43ACA7C}.Debug|x86.ActiveCfg = Debug|Any CPU
		{8865B53F-DF1B-8A7A-9E6B-651CC43ACA7C}.Debug|x86.Build.0 = Debug|Any CPU
		{8865B53F-DF1B-8A7A-9E6B-651CC43ACA7C}.Release|Any CPU.ActiveCfg = Release|Any CPU
		{8865B53F-DF1B-8A7A-9E6B-651CC43ACA7C}.Release|Any CPU.Build.0 = Release|Any CPU
		{8865B53F-DF1B-8A7A-9E6B-651CC43ACA7C}.Release|x64.ActiveCfg = Release|Any CPU
		{8865B53F-DF1B-8A7A-9E6B-651CC43ACA7C}.Release|x64.Build.0 = Release|Any CPU
		{8865B53F-DF1B-8A7A-9E6B-651CC43ACA7C}.Release|x86.ActiveCfg = Release|Any CPU
		{8865B53F-DF1B-8A7A-9E6B-651CC43ACA7C}.Release|x86.Build.0 = Release|Any CPU
		{5341B974-5A88-4456-A009-FE1BFAD740CA}.Debug|Any CPU.ActiveCfg = Debug|Any CPU
		{5341B974-5A88-4456-A009-FE1BFAD740CA}.Debug|Any CPU.Build.0 = Debug|Any CPU
		{5341B974-5A88-4456-A009-FE1BFAD740CA}.Debug|x64.ActiveCfg = Debug|Any CPU
		{5341B974-5A88-4456-A009-FE1BFAD740CA}.Debug|x64.Build.0 = Debug|Any CPU
		{5341B974-5A88-4456-A009-FE1BFAD740CA}.Debug|x86.ActiveCfg = Debug|Any CPU
		{5341B974-5A88-4456-A009-FE1BFAD740CA}.Debug|x86.Build.0 = Debug|Any CPU
		{5341B974-5A88-4456-A009-FE1BFAD740CA}.Release|Any CPU.ActiveCfg = Release|Any CPU
		{5341B974-5A88-4456-A009-FE1BFAD740CA}.Release|Any CPU.Build.0 = Release|Any CPU
		{5341B974-5A88-4456-A009-FE1BFAD740CA}.Release|x64.ActiveCfg = Release|Any CPU
		{5341B974-5A88-4456-A009-FE1BFAD740CA}.Release|x64.Build.0 = Release|Any CPU
		{5341B974-5A88-4456-A009-FE1BFAD740CA}.Release|x86.ActiveCfg = Release|Any CPU
		{5341B974-5A88-4456-A009-FE1BFAD740CA}.Release|x86.Build.0 = Release|Any CPU
		{6C252EF1-11DC-4109-AE1B-23E7555B1691}.Debug|Any CPU.ActiveCfg = Debug|Any CPU
		{6C252EF1-11DC-4109-AE1B-23E7555B1691}.Debug|Any CPU.Build.0 = Debug|Any CPU
		{6C252EF1-11DC-4109-AE1B-23E7555B1691}.Debug|x64.ActiveCfg = Debug|Any CPU
		{6C252EF1-11DC-4109-AE1B-23E7555B1691}.Debug|x64.Build.0 = Debug|Any CPU
		{6C252EF1-11DC-4109-AE1B-23E7555B1691}.Debug|x86.ActiveCfg = Debug|Any CPU
		{6C252EF1-11DC-4109-AE1B-23E7555B1691}.Debug|x86.Build.0 = Debug|Any CPU
		{6C252EF1-11DC-4109-AE1B-23E7555B1691}.Release|Any CPU.ActiveCfg = Release|Any CPU
		{6C252EF1-11DC-4109-AE1B-23E7555B1691}.Release|Any CPU.Build.0 = Release|Any CPU
		{6C252EF1-11DC-4109-AE1B-23E7555B1691}.Release|x64.ActiveCfg = Release|Any CPU
		{6C252EF1-11DC-4109-AE1B-23E7555B1691}.Release|x64.Build.0 = Release|Any CPU
		{6C252EF1-11DC-4109-AE1B-23E7555B1691}.Release|x86.ActiveCfg = Release|Any CPU
		{6C252EF1-11DC-4109-AE1B-23E7555B1691}.Release|x86.Build.0 = Release|Any CPU
		{78514BB5-C898-48A3-8BE9-14FA4424C182}.Debug|Any CPU.ActiveCfg = Debug|Any CPU
		{78514BB5-C898-48A3-8BE9-14FA4424C182}.Debug|Any CPU.Build.0 = Debug|Any CPU
		{78514BB5-C898-48A3-8BE9-14FA4424C182}.Debug|x64.ActiveCfg = Debug|Any CPU
		{78514BB5-C898-48A3-8BE9-14FA4424C182}.Debug|x64.Build.0 = Debug|Any CPU
		{78514BB5-C898-48A3-8BE9-14FA4424C182}.Debug|x86.ActiveCfg = Debug|Any CPU
		{78514BB5-C898-48A3-8BE9-14FA4424C182}.Debug|x86.Build.0 = Debug|Any CPU
		{78514BB5-C898-48A3-8BE9-14FA4424C182}.Release|Any CPU.ActiveCfg = Release|Any CPU
		{78514BB5-C898-48A3-8BE9-14FA4424C182}.Release|Any CPU.Build.0 = Release|Any CPU
		{78514BB5-C898-48A3-8BE9-14FA4424C182}.Release|x64.ActiveCfg = Release|Any CPU
		{78514BB5-C898-48A3-8BE9-14FA4424C182}.Release|x64.Build.0 = Release|Any CPU
		{78514BB5-C898-48A3-8BE9-14FA4424C182}.Release|x86.ActiveCfg = Release|Any CPU
		{78514BB5-C898-48A3-8BE9-14FA4424C182}.Release|x86.Build.0 = Release|Any CPU
		{BFA3050A-E444-4850-8C82-D988851017AB}.Debug|Any CPU.ActiveCfg = Debug|Any CPU
		{BFA3050A-E444-4850-8C82-D988851017AB}.Debug|Any CPU.Build.0 = Debug|Any CPU
		{BFA3050A-E444-4850-8C82-D988851017AB}.Debug|x64.ActiveCfg = Debug|Any CPU
		{BFA3050A-E444-4850-8C82-D988851017AB}.Debug|x64.Build.0 = Debug|Any CPU
		{BFA3050A-E444-4850-8C82-D988851017AB}.Debug|x86.ActiveCfg = Debug|Any CPU
		{BFA3050A-E444-4850-8C82-D988851017AB}.Debug|x86.Build.0 = Debug|Any CPU
		{BFA3050A-E444-4850-8C82-D988851017AB}.Release|Any CPU.ActiveCfg = Release|Any CPU
		{BFA3050A-E444-4850-8C82-D988851017AB}.Release|Any CPU.Build.0 = Release|Any CPU
		{BFA3050A-E444-4850-8C82-D988851017AB}.Release|x64.ActiveCfg = Release|Any CPU
		{BFA3050A-E444-4850-8C82-D988851017AB}.Release|x64.Build.0 = Release|Any CPU
		{BFA3050A-E444-4850-8C82-D988851017AB}.Release|x86.ActiveCfg = Release|Any CPU
		{BFA3050A-E444-4850-8C82-D988851017AB}.Release|x86.Build.0 = Release|Any CPU
		{B46FAFAA-ADCB-F89B-D64F-8BFD39DFB2FA}.Debug|Any CPU.ActiveCfg = Debug|Any CPU
		{B46FAFAA-ADCB-F89B-D64F-8BFD39DFB2FA}.Debug|Any CPU.Build.0 = Debug|Any CPU
		{B46FAFAA-ADCB-F89B-D64F-8BFD39DFB2FA}.Debug|x64.ActiveCfg = Debug|Any CPU
		{B46FAFAA-ADCB-F89B-D64F-8BFD39DFB2FA}.Debug|x64.Build.0 = Debug|Any CPU
		{B46FAFAA-ADCB-F89B-D64F-8BFD39DFB2FA}.Debug|x86.ActiveCfg = Debug|Any CPU
		{B46FAFAA-ADCB-F89B-D64F-8BFD39DFB2FA}.Debug|x86.Build.0 = Debug|Any CPU
		{B46FAFAA-ADCB-F89B-D64F-8BFD39DFB2FA}.Release|Any CPU.ActiveCfg = Release|Any CPU
		{B46FAFAA-ADCB-F89B-D64F-8BFD39DFB2FA}.Release|Any CPU.Build.0 = Release|Any CPU
		{B46FAFAA-ADCB-F89B-D64F-8BFD39DFB2FA}.Release|x64.ActiveCfg = Release|Any CPU
		{B46FAFAA-ADCB-F89B-D64F-8BFD39DFB2FA}.Release|x64.Build.0 = Release|Any CPU
		{B46FAFAA-ADCB-F89B-D64F-8BFD39DFB2FA}.Release|x86.ActiveCfg = Release|Any CPU
		{B46FAFAA-ADCB-F89B-D64F-8BFD39DFB2FA}.Release|x86.Build.0 = Release|Any CPU
		{127F1A21-2454-86D0-9A49-650A2D20CB8E}.Debug|Any CPU.ActiveCfg = Debug|Any CPU
		{127F1A21-2454-86D0-9A49-650A2D20CB8E}.Debug|Any CPU.Build.0 = Debug|Any CPU
		{127F1A21-2454-86D0-9A49-650A2D20CB8E}.Debug|x64.ActiveCfg = Debug|Any CPU
		{127F1A21-2454-86D0-9A49-650A2D20CB8E}.Debug|x64.Build.0 = Debug|Any CPU
		{127F1A21-2454-86D0-9A49-650A2D20CB8E}.Debug|x86.ActiveCfg = Debug|Any CPU
		{127F1A21-2454-86D0-9A49-650A2D20CB8E}.Debug|x86.Build.0 = Debug|Any CPU
		{127F1A21-2454-86D0-9A49-650A2D20CB8E}.Release|Any CPU.ActiveCfg = Release|Any CPU
		{127F1A21-2454-86D0-9A49-650A2D20CB8E}.Release|Any CPU.Build.0 = Release|Any CPU
		{127F1A21-2454-86D0-9A49-650A2D20CB8E}.Release|x64.ActiveCfg = Release|Any CPU
		{127F1A21-2454-86D0-9A49-650A2D20CB8E}.Release|x64.Build.0 = Release|Any CPU
		{127F1A21-2454-86D0-9A49-650A2D20CB8E}.Release|x86.ActiveCfg = Release|Any CPU
		{127F1A21-2454-86D0-9A49-650A2D20CB8E}.Release|x86.Build.0 = Release|Any CPU
		{649E4AB7-CBB2-EA4C-35AE-23A47456EBD6}.Debug|Any CPU.ActiveCfg = Debug|Any CPU
		{649E4AB7-CBB2-EA4C-35AE-23A47456EBD6}.Debug|Any CPU.Build.0 = Debug|Any CPU
		{649E4AB7-CBB2-EA4C-35AE-23A47456EBD6}.Debug|x64.ActiveCfg = Debug|Any CPU
		{649E4AB7-CBB2-EA4C-35AE-23A47456EBD6}.Debug|x64.Build.0 = Debug|Any CPU
		{649E4AB7-CBB2-EA4C-35AE-23A47456EBD6}.Debug|x86.ActiveCfg = Debug|Any CPU
		{649E4AB7-CBB2-EA4C-35AE-23A47456EBD6}.Debug|x86.Build.0 = Debug|Any CPU
		{649E4AB7-CBB2-EA4C-35AE-23A47456EBD6}.Release|Any CPU.ActiveCfg = Release|Any CPU
		{649E4AB7-CBB2-EA4C-35AE-23A47456EBD6}.Release|Any CPU.Build.0 = Release|Any CPU
		{649E4AB7-CBB2-EA4C-35AE-23A47456EBD6}.Release|x64.ActiveCfg = Release|Any CPU
		{649E4AB7-CBB2-EA4C-35AE-23A47456EBD6}.Release|x64.Build.0 = Release|Any CPU
		{649E4AB7-CBB2-EA4C-35AE-23A47456EBD6}.Release|x86.ActiveCfg = Release|Any CPU
		{649E4AB7-CBB2-EA4C-35AE-23A47456EBD6}.Release|x86.Build.0 = Release|Any CPU
		{F99A5049-B5FB-BE3B-D849-A6F9F24CC23D}.Debug|Any CPU.ActiveCfg = Debug|Any CPU
		{F99A5049-B5FB-BE3B-D849-A6F9F24CC23D}.Debug|Any CPU.Build.0 = Debug|Any CPU
		{F99A5049-B5FB-BE3B-D849-A6F9F24CC23D}.Debug|x64.ActiveCfg = Debug|Any CPU
		{F99A5049-B5FB-BE3B-D849-A6F9F24CC23D}.Debug|x64.Build.0 = Debug|Any CPU
		{F99A5049-B5FB-BE3B-D849-A6F9F24CC23D}.Debug|x86.ActiveCfg = Debug|Any CPU
		{F99A5049-B5FB-BE3B-D849-A6F9F24CC23D}.Debug|x86.Build.0 = Debug|Any CPU
		{F99A5049-B5FB-BE3B-D849-A6F9F24CC23D}.Release|Any CPU.ActiveCfg = Release|Any CPU
		{F99A5049-B5FB-BE3B-D849-A6F9F24CC23D}.Release|Any CPU.Build.0 = Release|Any CPU
		{F99A5049-B5FB-BE3B-D849-A6F9F24CC23D}.Release|x64.ActiveCfg = Release|Any CPU
		{F99A5049-B5FB-BE3B-D849-A6F9F24CC23D}.Release|x64.Build.0 = Release|Any CPU
		{F99A5049-B5FB-BE3B-D849-A6F9F24CC23D}.Release|x86.ActiveCfg = Release|Any CPU
		{F99A5049-B5FB-BE3B-D849-A6F9F24CC23D}.Release|x86.Build.0 = Release|Any CPU
		{4CA344EB-16B7-9306-213E-31D195B919E8}.Debug|Any CPU.ActiveCfg = Debug|Any CPU
		{4CA344EB-16B7-9306-213E-31D195B919E8}.Debug|Any CPU.Build.0 = Debug|Any CPU
		{4CA344EB-16B7-9306-213E-31D195B919E8}.Debug|x64.ActiveCfg = Debug|Any CPU
		{4CA344EB-16B7-9306-213E-31D195B919E8}.Debug|x64.Build.0 = Debug|Any CPU
		{4CA344EB-16B7-9306-213E-31D195B919E8}.Debug|x86.ActiveCfg = Debug|Any CPU
		{4CA344EB-16B7-9306-213E-31D195B919E8}.Debug|x86.Build.0 = Debug|Any CPU
		{4CA344EB-16B7-9306-213E-31D195B919E8}.Release|Any CPU.ActiveCfg = Release|Any CPU
		{4CA344EB-16B7-9306-213E-31D195B919E8}.Release|Any CPU.Build.0 = Release|Any CPU
		{4CA344EB-16B7-9306-213E-31D195B919E8}.Release|x64.ActiveCfg = Release|Any CPU
		{4CA344EB-16B7-9306-213E-31D195B919E8}.Release|x64.Build.0 = Release|Any CPU
		{4CA344EB-16B7-9306-213E-31D195B919E8}.Release|x86.ActiveCfg = Release|Any CPU
		{4CA344EB-16B7-9306-213E-31D195B919E8}.Release|x86.Build.0 = Release|Any CPU
		{6ADA18A0-0D13-E31A-F8D9-2E6B2F78EE21}.Debug|Any CPU.ActiveCfg = Debug|Any CPU
		{6ADA18A0-0D13-E31A-F8D9-2E6B2F78EE21}.Debug|Any CPU.Build.0 = Debug|Any CPU
		{6ADA18A0-0D13-E31A-F8D9-2E6B2F78EE21}.Debug|x64.ActiveCfg = Debug|Any CPU
		{6ADA18A0-0D13-E31A-F8D9-2E6B2F78EE21}.Debug|x64.Build.0 = Debug|Any CPU
		{6ADA18A0-0D13-E31A-F8D9-2E6B2F78EE21}.Debug|x86.ActiveCfg = Debug|Any CPU
		{6ADA18A0-0D13-E31A-F8D9-2E6B2F78EE21}.Debug|x86.Build.0 = Debug|Any CPU
		{6ADA18A0-0D13-E31A-F8D9-2E6B2F78EE21}.Release|Any CPU.ActiveCfg = Release|Any CPU
		{6ADA18A0-0D13-E31A-F8D9-2E6B2F78EE21}.Release|Any CPU.Build.0 = Release|Any CPU
		{6ADA18A0-0D13-E31A-F8D9-2E6B2F78EE21}.Release|x64.ActiveCfg = Release|Any CPU
		{6ADA18A0-0D13-E31A-F8D9-2E6B2F78EE21}.Release|x64.Build.0 = Release|Any CPU
		{6ADA18A0-0D13-E31A-F8D9-2E6B2F78EE21}.Release|x86.ActiveCfg = Release|Any CPU
		{6ADA18A0-0D13-E31A-F8D9-2E6B2F78EE21}.Release|x86.Build.0 = Release|Any CPU
		{EB7B8DC7-CE11-6699-2F6B-AC1E3629EC42}.Debug|Any CPU.ActiveCfg = Debug|Any CPU
		{EB7B8DC7-CE11-6699-2F6B-AC1E3629EC42}.Debug|Any CPU.Build.0 = Debug|Any CPU
		{EB7B8DC7-CE11-6699-2F6B-AC1E3629EC42}.Debug|x64.ActiveCfg = Debug|Any CPU
		{EB7B8DC7-CE11-6699-2F6B-AC1E3629EC42}.Debug|x64.Build.0 = Debug|Any CPU
		{EB7B8DC7-CE11-6699-2F6B-AC1E3629EC42}.Debug|x86.ActiveCfg = Debug|Any CPU
		{EB7B8DC7-CE11-6699-2F6B-AC1E3629EC42}.Debug|x86.Build.0 = Debug|Any CPU
		{EB7B8DC7-CE11-6699-2F6B-AC1E3629EC42}.Release|Any CPU.ActiveCfg = Release|Any CPU
		{EB7B8DC7-CE11-6699-2F6B-AC1E3629EC42}.Release|Any CPU.Build.0 = Release|Any CPU
		{EB7B8DC7-CE11-6699-2F6B-AC1E3629EC42}.Release|x64.ActiveCfg = Release|Any CPU
		{EB7B8DC7-CE11-6699-2F6B-AC1E3629EC42}.Release|x64.Build.0 = Release|Any CPU
		{EB7B8DC7-CE11-6699-2F6B-AC1E3629EC42}.Release|x86.ActiveCfg = Release|Any CPU
		{EB7B8DC7-CE11-6699-2F6B-AC1E3629EC42}.Release|x86.Build.0 = Release|Any CPU
		{C1CB8C25-8F95-08EF-5041-FA88D5D18A31}.Debug|Any CPU.ActiveCfg = Debug|Any CPU
		{C1CB8C25-8F95-08EF-5041-FA88D5D18A31}.Debug|Any CPU.Build.0 = Debug|Any CPU
		{C1CB8C25-8F95-08EF-5041-FA88D5D18A31}.Debug|x64.ActiveCfg = Debug|Any CPU
		{C1CB8C25-8F95-08EF-5041-FA88D5D18A31}.Debug|x64.Build.0 = Debug|Any CPU
		{C1CB8C25-8F95-08EF-5041-FA88D5D18A31}.Debug|x86.ActiveCfg = Debug|Any CPU
		{C1CB8C25-8F95-08EF-5041-FA88D5D18A31}.Debug|x86.Build.0 = Debug|Any CPU
		{C1CB8C25-8F95-08EF-5041-FA88D5D18A31}.Release|Any CPU.ActiveCfg = Release|Any CPU
		{C1CB8C25-8F95-08EF-5041-FA88D5D18A31}.Release|Any CPU.Build.0 = Release|Any CPU
		{C1CB8C25-8F95-08EF-5041-FA88D5D18A31}.Release|x64.ActiveCfg = Release|Any CPU
		{C1CB8C25-8F95-08EF-5041-FA88D5D18A31}.Release|x64.Build.0 = Release|Any CPU
		{C1CB8C25-8F95-08EF-5041-FA88D5D18A31}.Release|x86.ActiveCfg = Release|Any CPU
		{C1CB8C25-8F95-08EF-5041-FA88D5D18A31}.Release|x86.Build.0 = Release|Any CPU
		{B00F680C-50E5-AC4E-3A1D-47C63A135FC2}.Debug|Any CPU.ActiveCfg = Debug|Any CPU
		{B00F680C-50E5-AC4E-3A1D-47C63A135FC2}.Debug|Any CPU.Build.0 = Debug|Any CPU
		{B00F680C-50E5-AC4E-3A1D-47C63A135FC2}.Debug|x64.ActiveCfg = Debug|Any CPU
		{B00F680C-50E5-AC4E-3A1D-47C63A135FC2}.Debug|x64.Build.0 = Debug|Any CPU
		{B00F680C-50E5-AC4E-3A1D-47C63A135FC2}.Debug|x86.ActiveCfg = Debug|Any CPU
		{B00F680C-50E5-AC4E-3A1D-47C63A135FC2}.Debug|x86.Build.0 = Debug|Any CPU
		{B00F680C-50E5-AC4E-3A1D-47C63A135FC2}.Release|Any CPU.ActiveCfg = Release|Any CPU
		{B00F680C-50E5-AC4E-3A1D-47C63A135FC2}.Release|Any CPU.Build.0 = Release|Any CPU
		{B00F680C-50E5-AC4E-3A1D-47C63A135FC2}.Release|x64.ActiveCfg = Release|Any CPU
		{B00F680C-50E5-AC4E-3A1D-47C63A135FC2}.Release|x64.Build.0 = Release|Any CPU
		{B00F680C-50E5-AC4E-3A1D-47C63A135FC2}.Release|x86.ActiveCfg = Release|Any CPU
		{B00F680C-50E5-AC4E-3A1D-47C63A135FC2}.Release|x86.Build.0 = Release|Any CPU
		{813D3079-F8E1-417D-A696-30694CBC28F5}.Debug|Any CPU.ActiveCfg = Debug|Any CPU
		{813D3079-F8E1-417D-A696-30694CBC28F5}.Debug|Any CPU.Build.0 = Debug|Any CPU
		{813D3079-F8E1-417D-A696-30694CBC28F5}.Debug|x64.ActiveCfg = Debug|Any CPU
		{813D3079-F8E1-417D-A696-30694CBC28F5}.Debug|x64.Build.0 = Debug|Any CPU
		{813D3079-F8E1-417D-A696-30694CBC28F5}.Debug|x86.ActiveCfg = Debug|Any CPU
		{813D3079-F8E1-417D-A696-30694CBC28F5}.Debug|x86.Build.0 = Debug|Any CPU
		{813D3079-F8E1-417D-A696-30694CBC28F5}.Release|Any CPU.ActiveCfg = Release|Any CPU
		{813D3079-F8E1-417D-A696-30694CBC28F5}.Release|Any CPU.Build.0 = Release|Any CPU
		{813D3079-F8E1-417D-A696-30694CBC28F5}.Release|x64.ActiveCfg = Release|Any CPU
		{813D3079-F8E1-417D-A696-30694CBC28F5}.Release|x64.Build.0 = Release|Any CPU
		{813D3079-F8E1-417D-A696-30694CBC28F5}.Release|x86.ActiveCfg = Release|Any CPU
		{813D3079-F8E1-417D-A696-30694CBC28F5}.Release|x86.Build.0 = Release|Any CPU
		{DF1B6613-CAED-4E2F-84AF-3ACD96F8BAD2}.Debug|Any CPU.ActiveCfg = Debug|Any CPU
		{DF1B6613-CAED-4E2F-84AF-3ACD96F8BAD2}.Debug|Any CPU.Build.0 = Debug|Any CPU
		{DF1B6613-CAED-4E2F-84AF-3ACD96F8BAD2}.Debug|x64.ActiveCfg = Debug|Any CPU
		{DF1B6613-CAED-4E2F-84AF-3ACD96F8BAD2}.Debug|x64.Build.0 = Debug|Any CPU
		{DF1B6613-CAED-4E2F-84AF-3ACD96F8BAD2}.Debug|x86.ActiveCfg = Debug|Any CPU
		{DF1B6613-CAED-4E2F-84AF-3ACD96F8BAD2}.Debug|x86.Build.0 = Debug|Any CPU
		{DF1B6613-CAED-4E2F-84AF-3ACD96F8BAD2}.Release|Any CPU.ActiveCfg = Release|Any CPU
		{DF1B6613-CAED-4E2F-84AF-3ACD96F8BAD2}.Release|Any CPU.Build.0 = Release|Any CPU
		{DF1B6613-CAED-4E2F-84AF-3ACD96F8BAD2}.Release|x64.ActiveCfg = Release|Any CPU
		{DF1B6613-CAED-4E2F-84AF-3ACD96F8BAD2}.Release|x64.Build.0 = Release|Any CPU
		{DF1B6613-CAED-4E2F-84AF-3ACD96F8BAD2}.Release|x86.ActiveCfg = Release|Any CPU
		{DF1B6613-CAED-4E2F-84AF-3ACD96F8BAD2}.Release|x86.Build.0 = Release|Any CPU
	EndGlobalSection
	GlobalSection(SolutionProperties) = preSolution
		HideSolutionNode = FALSE
	EndGlobalSection
	GlobalSection(NestedProjects) = preSolution
		{90298CBA-BD6F-3A0A-69D5-97CAD7B05E7E} = {827E0CD3-B72D-47B6-A68D-7590B98EB39B}
		{AFA77B0E-383A-4D17-BBE4-EF88DBED1459} = {7F8C8151-8143-4E90-9826-3B74B5129E75}
		{CDD4DAE1-09CD-40D4-AC57-7D812CB5752F} = {BAF5FD8B-7692-4261-9B34-2D6039077353}
		{3580F514-85B6-49F9-A3F6-52EF3BD4F99D} = {60551650-8768-4F53-9361-69FDB9DC2322}
		{41FBE4F0-210B-484D-86EC-D1219515BD51} = {D2EEF483-52B4-4B5D-AAAD-215B5D882F1A}
		{7F8C8151-8143-4E90-9826-3B74B5129E75} = {90298CBA-BD6F-3A0A-69D5-97CAD7B05E7E}
		{FD29EB75-2572-480D-A08B-DF401FEEB64C} = {827E0CD3-B72D-47B6-A68D-7590B98EB39B}
		{7203E72C-DCCA-4554-B01F-86D0175EA171} = {827E0CD3-B72D-47B6-A68D-7590B98EB39B}
		{60551650-8768-4F53-9361-69FDB9DC2322} = {ED4FBE94-CFA3-4388-990F-F396CB366BB4}
		{EB28E8E4-6C41-4903-9D46-35FA0959B716} = {ED4FBE94-CFA3-4388-990F-F396CB366BB4}
		{C9640635-4860-4A51-A6E2-A6BA02966B30} = {ED4FBE94-CFA3-4388-990F-F396CB366BB4}
		{429A8217-FA89-41A2-8138-C59D878E8272} = {ED4FBE94-CFA3-4388-990F-F396CB366BB4}
		{ED4FBE94-CFA3-4388-990F-F396CB366BB4} = {7203E72C-DCCA-4554-B01F-86D0175EA171}
		{D2EEF483-52B4-4B5D-AAAD-215B5D882F1A} = {827E0CD3-B72D-47B6-A68D-7590B98EB39B}
		{90896360-2FCE-4679-9555-25B34BE6F012} = {7203E72C-DCCA-4554-B01F-86D0175EA171}
		{2FC6256B-8958-4D1F-BA2A-C4DEBD850029} = {90896360-2FCE-4679-9555-25B34BE6F012}
		{00AD7367-8DC4-4B46-B712-90FB2DCFC39C} = {90896360-2FCE-4679-9555-25B34BE6F012}
		{E3D22F73-CF07-EF99-C371-0A030155C679} = {00AD7367-8DC4-4B46-B712-90FB2DCFC39C}
		{57C939C8-ABDA-43FE-B896-02E457CFE0D0} = {0BA52BBB-046A-4319-8EBC-DFD1F5302A30}
		{8865B53F-DF1B-8A7A-9E6B-651CC43ACA7C} = {57C939C8-ABDA-43FE-B896-02E457CFE0D0}
		{5341B974-5A88-4456-A009-FE1BFAD740CA} = {2FC6256B-8958-4D1F-BA2A-C4DEBD850029}
		{6C252EF1-11DC-4109-AE1B-23E7555B1691} = {EB28E8E4-6C41-4903-9D46-35FA0959B716}
		{78514BB5-C898-48A3-8BE9-14FA4424C182} = {C9640635-4860-4A51-A6E2-A6BA02966B30}
		{BFA3050A-E444-4850-8C82-D988851017AB} = {429A8217-FA89-41A2-8138-C59D878E8272}
		{B46FAFAA-ADCB-F89B-D64F-8BFD39DFB2FA} = {2D741AE4-4FA7-4E38-9AC7-5CCAF2432B96}
		{2D741AE4-4FA7-4E38-9AC7-5CCAF2432B96} = {90298CBA-BD6F-3A0A-69D5-97CAD7B05E7E}
		{0BA52BBB-046A-4319-8EBC-DFD1F5302A30} = {7203E72C-DCCA-4554-B01F-86D0175EA171}
		{127F1A21-2454-86D0-9A49-650A2D20CB8E} = {48346828-419A-459C-824C-055B215D9A7A}
		{48346828-419A-459C-824C-055B215D9A7A} = {0BA52BBB-046A-4319-8EBC-DFD1F5302A30}
		{C3FE8D53-A29E-4F17-883D-8D21440D403F} = {7203E72C-DCCA-4554-B01F-86D0175EA171}
		{649E4AB7-CBB2-EA4C-35AE-23A47456EBD6} = {55BBED02-DFBC-4743-BC9B-97835D6FD30D}
		{F99A5049-B5FB-BE3B-D849-A6F9F24CC23D} = {93966CBE-8892-42A5-ACE8-E09F7B7D6F7A}
		{4CA344EB-16B7-9306-213E-31D195B919E8} = {B4EEE9DA-43BC-43CC-BF05-ECA6D660E9FD}
		{6ADA18A0-0D13-E31A-F8D9-2E6B2F78EE21} = {3842768B-9AD5-43D5-8A61-FDF5A785B152}
		{3842768B-9AD5-43D5-8A61-FDF5A785B152} = {C3FE8D53-A29E-4F17-883D-8D21440D403F}
		{B4EEE9DA-43BC-43CC-BF05-ECA6D660E9FD} = {C3FE8D53-A29E-4F17-883D-8D21440D403F}
		{55BBED02-DFBC-4743-BC9B-97835D6FD30D} = {C3FE8D53-A29E-4F17-883D-8D21440D403F}
		{93966CBE-8892-42A5-ACE8-E09F7B7D6F7A} = {C3FE8D53-A29E-4F17-883D-8D21440D403F}
		{BAF5FD8B-7692-4261-9B34-2D6039077353} = {FD29EB75-2572-480D-A08B-DF401FEEB64C}
		{7C4AD1DC-5867-413C-88BC-E34DBAED5232} = {90298CBA-BD6F-3A0A-69D5-97CAD7B05E7E}
		{EB7B8DC7-CE11-6699-2F6B-AC1E3629EC42} = {7C4AD1DC-5867-413C-88BC-E34DBAED5232}
		{377EA6FD-2E8A-4D0B-BA8D-D217557B4881} = {90896360-2FCE-4679-9555-25B34BE6F012}
		{AF66915A-868B-486F-9F8F-458A4AE8B7A9} = {90896360-2FCE-4679-9555-25B34BE6F012}
		{C1CB8C25-8F95-08EF-5041-FA88D5D18A31} = {AF66915A-868B-486F-9F8F-458A4AE8B7A9}
		{B00F680C-50E5-AC4E-3A1D-47C63A135FC2} = {377EA6FD-2E8A-4D0B-BA8D-D217557B4881}
		{A90EBBBB-8C6E-46E3-B24C-8876A33DF166} = {0BA52BBB-046A-4319-8EBC-DFD1F5302A30}
		{813D3079-F8E1-417D-A696-30694CBC28F5} = {A90EBBBB-8C6E-46E3-B24C-8876A33DF166}
		{836294D1-5EA7-4005-BCED-8E21AAC2FE25} = {0BA52BBB-046A-4319-8EBC-DFD1F5302A30}
		{DF1B6613-CAED-4E2F-84AF-3ACD96F8BAD2} = {836294D1-5EA7-4005-BCED-8E21AAC2FE25}
	EndGlobalSection
	GlobalSection(ExtensibilityGlobals) = postSolution
		SolutionGuid = {94A1E8E7-64DF-4381-9AEC-C6CA3DCF8E05}
	EndGlobalSection
EndGlobal
